<?xml version="1.0" encoding="utf-8"?>
<Project ToolsVersion="4.0" xmlns="http://schemas.microsoft.com/developer/msbuild/2003">
  <ItemGroup>
    <Filter Include="Исходные файлы">
      <UniqueIdentifier>{4FC737F1-C7A5-4376-A066-2A32D752A2FF}</UniqueIdentifier>
      <Extensions>cpp;c;cc;cxx;c++;cppm;ixx;def;odl;idl;hpj;bat;asm;asmx</Extensions>
    </Filter>
    <Filter Include="Файлы заголовков">
      <UniqueIdentifier>{93995380-89BD-4b04-88EB-625FBE52EBFB}</UniqueIdentifier>
      <Extensions>h;hh;hpp;hxx;h++;hm;inl;inc;ipp;xsd</Extensions>
    </Filter>
    <Filter Include="Файлы ресурсов">
      <UniqueIdentifier>{67DA6AB6-F800-4c08-8B7A-83BB121AAD01}</UniqueIdentifier>
      <Extensions>rc;ico;cur;bmp;dlg;rc2;rct;bin;rgs;gif;jpg;jpeg;jpe;resx;tiff;tif;png;wav;mfcribbon-ms</Extensions>
    </Filter>
    <Filter Include="Файлы заголовков\IDictionary">
      <UniqueIdentifier>{4bd3ea66-08eb-49c4-b16d-26e287802b33}</UniqueIdentifier>
    </Filter>
    <Filter Include="Файлы заголовков\Sequence">
      <UniqueIdentifier>{fdd24bf0-d316-4d00-b870-61c8fb4ee6a3}</UniqueIdentifier>
    </Filter>
    <Filter Include="Файлы заголовков\SmrtPtr">
      <UniqueIdentifier>{dadfd873-1e1d-401e-b17f-9c870dcd84ce}</UniqueIdentifier>
    </Filter>
    <Filter Include="Файлы заголовков\Graph">
      <UniqueIdentifier>{51160eb6-72d1-4e36-b94f-15c9ee48764c}</UniqueIdentifier>
    </Filter>
  </ItemGroup>
  <ItemGroup>
    <ClCompile Include="Main.cpp">
      <Filter>Исходные файлы</Filter>
    </ClCompile>
    <ClCompile Include="UserMenu.cpp">
      <Filter>Исходные файлы</Filter>
    </ClCompile>
  </ItemGroup>
  <ItemGroup>
    <ClInclude Include="Printer.h">
      <Filter>Файлы заголовков</Filter>
    </ClInclude>
    <ClInclude Include="UserMenu.h">
      <Filter>Файлы заголовков</Filter>
    </ClInclude>
    <ClInclude Include="Commands.h">
      <Filter>Файлы заголовков</Filter>
    </ClInclude>
    <ClInclude Include="FileWorker.h">
      <Filter>Файлы заголовков</Filter>
    </ClInclude>
    <ClInclude Include="ContainerForUniquePtr.h">
      <Filter>Файлы заголовков\SmrtPtr</Filter>
    </ClInclude>
    <ClInclude Include="IDictionary.h">
      <Filter>Файлы заголовков\IDictionary</Filter>
    </ClInclude>
    <ClInclude Include="HashTable.h">
      <Filter>Файлы заголовков\IDictionary</Filter>
    </ClInclude>
    <ClInclude Include="DynamicArray.h">
      <Filter>Файлы заголовков\Sequence</Filter>
    </ClInclude>
    <ClInclude Include="Sequence.h">
      <Filter>Файлы заголовков\Sequence</Filter>
    </ClInclude>
    <ClInclude Include="UniquePtr.h">
      <Filter>Файлы заголовков\SmrtPtr</Filter>
    </ClInclude>
    <ClInclude Include="Edge.h">
      <Filter>Файлы заголовков\Graph</Filter>
    </ClInclude>
    <ClInclude Include="Generator.h">
      <Filter>Файлы заголовков\Graph</Filter>
    </ClInclude>
    <ClInclude Include="UndirectedGraph.h">
      <Filter>Файлы заголовков\Graph</Filter>
    </ClInclude>
    <ClInclude Include="LinkedList.h">
      <Filter>Файлы заголовков\Sequence</Filter>
    </ClInclude>
  </ItemGroup>
</Project>